PODS:
  - AudioKit (4.4.0.b1):
    - AudioKit/Core (= 4.4.0.b1)
    - AudioKit/UI (= 4.4.0.b1)
  - AudioKit/Core (4.4.0.b1)
  - AudioKit/UI (4.4.0.b1)

DEPENDENCIES:
  - AudioKit (= 4.4.0.b1)

SPEC CHECKSUMS:
  AudioKit: 37d567940f6e2901247804420b600c207f4ce963

PODFILE CHECKSUM: e1f81e3b34cff2e3ef072b90ac77f13af1c37279

COCOAPODS: 1.4.0
